// !$*UTF8*$!
{
	archiveVersion = 1;
	classes = {
	};
	objectVersion = 55;
	objects = {

/* Begin PBXBuildFile section */
		3FA28717281A6AC900BDAA0A /* AppDelegate.swift in Sources */ = {isa = PBXBuildFile; fileRef = 3FA28716281A6AC900BDAA0A /* AppDelegate.swift */; };
		3FA28719281A6AC900BDAA0A /* SceneDelegate.swift in Sources */ = {isa = PBXBuildFile; fileRef = 3FA28718281A6AC900BDAA0A /* SceneDelegate.swift */; };
		3FA2871B281A6AC900BDAA0A /* ViewControllerSignIn.swift in Sources */ = {isa = PBXBuildFile; fileRef = 3FA2871A281A6AC900BDAA0A /* ViewControllerSignIn.swift */; };
		3FA2871E281A6AC900BDAA0A /* Main.storyboard in Resources */ = {isa = PBXBuildFile; fileRef = 3FA2871C281A6AC900BDAA0A /* Main.storyboard */; };
		3FA28720281A6ACA00BDAA0A /* Assets.xcassets in Resources */ = {isa = PBXBuildFile; fileRef = 3FA2871F281A6ACA00BDAA0A /* Assets.xcassets */; };
		3FA28723281A6ACA00BDAA0A /* LaunchScreen.storyboard in Resources */ = {isa = PBXBuildFile; fileRef = 3FA28721281A6ACA00BDAA0A /* LaunchScreen.storyboard */; };
		3FA2872E281A716700BDAA0A /* Alamofire in Frameworks */ = {isa = PBXBuildFile; productRef = 3FA2872D281A716700BDAA0A /* Alamofire */; };
		3FA28731281A718200BDAA0A /* SwiftyJSON in Frameworks */ = {isa = PBXBuildFile; productRef = 3FA28730281A718200BDAA0A /* SwiftyJSON */; };
		3FA28756281A742500BDAA0A /* Alegreya-Regular.ttf in Resources */ = {isa = PBXBuildFile; fileRef = 3FA2874B281A742500BDAA0A /* Alegreya-Regular.ttf */; };
		3FA28757281A742500BDAA0A /* Alegreya-ExtraBoldItalic.ttf in Resources */ = {isa = PBXBuildFile; fileRef = 3FA2874C281A742500BDAA0A /* Alegreya-ExtraBoldItalic.ttf */; };
		3FA28758281A742500BDAA0A /* Alegreya-Medium.ttf in Resources */ = {isa = PBXBuildFile; fileRef = 3FA2874D281A742500BDAA0A /* Alegreya-Medium.ttf */; };
		3FA28759281A742500BDAA0A /* OFL.txt in Resources */ = {isa = PBXBuildFile; fileRef = 3FA2874E281A742500BDAA0A /* OFL.txt */; };
		3FA2875A281A742500BDAA0A /* Alegreya-BlackItalic.ttf in Resources */ = {isa = PBXBuildFile; fileRef = 3FA2874F281A742500BDAA0A /* Alegreya-BlackItalic.ttf */; };
		3FA2875B281A742500BDAA0A /* Alegreya-ExtraBold.ttf in Resources */ = {isa = PBXBuildFile; fileRef = 3FA28750281A742500BDAA0A /* Alegreya-ExtraBold.ttf */; };
		3FA2875C281A742500BDAA0A /* Alegreya-MediumItalic.ttf in Resources */ = {isa = PBXBuildFile; fileRef = 3FA28751281A742500BDAA0A /* Alegreya-MediumItalic.ttf */; };
		3FA2875D281A742500BDAA0A /* Alegreya-Black.ttf in Resources */ = {isa = PBXBuildFile; fileRef = 3FA28752281A742500BDAA0A /* Alegreya-Black.ttf */; };
		3FA2875E281A742500BDAA0A /* Alegreya-BoldItalic.ttf in Resources */ = {isa = PBXBuildFile; fileRef = 3FA28753281A742500BDAA0A /* Alegreya-BoldItalic.ttf */; };
		3FA2875F281A742500BDAA0A /* Alegreya-Italic.ttf in Resources */ = {isa = PBXBuildFile; fileRef = 3FA28754281A742500BDAA0A /* Alegreya-Italic.ttf */; };
		3FA28760281A742500BDAA0A /* Alegreya-Bold.ttf in Resources */ = {isa = PBXBuildFile; fileRef = 3FA28755281A742500BDAA0A /* Alegreya-Bold.ttf */; };
/* End PBXBuildFile section */

/* Begin PBXFileReference section */
		3FA28713281A6AC900BDAA0A /* MeditationDemPochk.app */ = {isa = PBXFileReference; explicitFileType = wrapper.application; includeInIndex = 0; path = MeditationDemPochk.app; sourceTree = BUILT_PRODUCTS_DIR; };
		3FA28716281A6AC900BDAA0A /* AppDelegate.swift */ = {isa = PBXFileReference; lastKnownFileType = sourcecode.swift; path = AppDelegate.swift; sourceTree = "<group>"; };
		3FA28718281A6AC900BDAA0A /* SceneDelegate.swift */ = {isa = PBXFileReference; lastKnownFileType = sourcecode.swift; path = SceneDelegate.swift; sourceTree = "<group>"; };
		3FA2871A281A6AC900BDAA0A /* ViewControllerSignIn.swift */ = {isa = PBXFileReference; lastKnownFileType = sourcecode.swift; path = ViewControllerSignIn.swift; sourceTree = "<group>"; };
		3FA2871D281A6AC900BDAA0A /* Base */ = {isa = PBXFileReference; lastKnownFileType = file.storyboard; name = Base; path = Base.lproj/Main.storyboard; sourceTree = "<group>"; };
		3FA2871F281A6ACA00BDAA0A /* Assets.xcassets */ = {isa = PBXFileReference; lastKnownFileType = folder.assetcatalog; path = Assets.xcassets; sourceTree = "<group>"; };
		3FA28722281A6ACA00BDAA0A /* Base */ = {isa = PBXFileReference; lastKnownFileType = file.storyboard; name = Base; path = Base.lproj/LaunchScreen.storyboard; sourceTree = "<group>"; };
		3FA28724281A6ACA00BDAA0A /* Info.plist */ = {isa = PBXFileReference; lastKnownFileType = text.plist.xml; path = Info.plist; sourceTree = "<group>"; };
		3FA2874B281A742500BDAA0A /* Alegreya-Regular.ttf */ = {isa = PBXFileReference; lastKnownFileType = file; path = "Alegreya-Regular.ttf"; sourceTree = "<group>"; };
		3FA2874C281A742500BDAA0A /* Alegreya-ExtraBoldItalic.ttf */ = {isa = PBXFileReference; lastKnownFileType = file; path = "Alegreya-ExtraBoldItalic.ttf"; sourceTree = "<group>"; };
		3FA2874D281A742500BDAA0A /* Alegreya-Medium.ttf */ = {isa = PBXFileReference; lastKnownFileType = file; path = "Alegreya-Medium.ttf"; sourceTree = "<group>"; };
		3FA2874E281A742500BDAA0A /* OFL.txt */ = {isa = PBXFileReference; fileEncoding = 4; lastKnownFileType = text; path = OFL.txt; sourceTree = "<group>"; };
		3FA2874F281A742500BDAA0A /* Alegreya-BlackItalic.ttf */ = {isa = PBXFileReference; lastKnownFileType = file; path = "Alegreya-BlackItalic.ttf"; sourceTree = "<group>"; };
		3FA28750281A742500BDAA0A /* Alegreya-ExtraBold.ttf */ = {isa = PBXFileReference; lastKnownFileType = file; path = "Alegreya-ExtraBold.ttf"; sourceTree = "<group>"; };
		3FA28751281A742500BDAA0A /* Alegreya-MediumItalic.ttf */ = {isa = PBXFileReference; lastKnownFileType = file; path = "Alegreya-MediumItalic.ttf"; sourceTree = "<group>"; };
		3FA28752281A742500BDAA0A /* Alegreya-Black.ttf */ = {isa = PBXFileReference; lastKnownFileType = file; path = "Alegreya-Black.ttf"; sourceTree = "<group>"; };
		3FA28753281A742500BDAA0A /* Alegreya-BoldItalic.ttf */ = {isa = PBXFileReference; lastKnownFileType = file; path = "Alegreya-BoldItalic.ttf"; sourceTree = "<group>"; };
		3FA28754281A742500BDAA0A /* Alegreya-Italic.ttf */ = {isa = PBXFileReference; lastKnownFileType = file; path = "Alegreya-Italic.ttf"; sourceTree = "<group>"; };
		3FA28755281A742500BDAA0A /* Alegreya-Bold.ttf */ = {isa = PBXFileReference; lastKnownFileType = file; path = "Alegreya-Bold.ttf"; sourceTree = "<group>"; };
/* End PBXFileReference section */

/* Begin PBXFrameworksBuildPhase section */
		3FA28710281A6AC900BDAA0A /* Frameworks */ = {
			isa = PBXFrameworksBuildPhase;
			buildActionMask = 2147483647;
			files = (
				3FA28731281A718200BDAA0A /* SwiftyJSON in Frameworks */,
				3FA2872E281A716700BDAA0A /* Alamofire in Frameworks */,
			);
			runOnlyForDeploymentPostprocessing = 0;
		};
/* End PBXFrameworksBuildPhase section */

/* Begin PBXGroup section */
		3FA2870A281A6AC900BDAA0A = {
			isa = PBXGroup;
			children = (
				3FA28715281A6AC900BDAA0A /* MeditationDemPochk */,
				3FA28714281A6AC900BDAA0A /* Products */,
			);
			sourceTree = "<group>";
		};
		3FA28714281A6AC900BDAA0A /* Products */ = {
			isa = PBXGroup;
			children = (
				3FA28713281A6AC900BDAA0A /* MeditationDemPochk.app */,
			);
			name = Products;
			sourceTree = "<group>";
		};
		3FA28715281A6AC900BDAA0A /* MeditationDemPochk */ = {
			isa = PBXGroup;
			children = (
				3FA28732281A723A00BDAA0A /* Fonts */,
				3FA28716281A6AC900BDAA0A /* AppDelegate.swift */,
				3FA28718281A6AC900BDAA0A /* SceneDelegate.swift */,
				3FA2871A281A6AC900BDAA0A /* ViewControllerSignIn.swift */,
				3FA2871C281A6AC900BDAA0A /* Main.storyboard */,
				3FA2871F281A6ACA00BDAA0A /* Assets.xcassets */,
				3FA28721281A6ACA00BDAA0A /* LaunchScreen.storyboard */,
				3FA28724281A6ACA00BDAA0A /* Info.plist */,
			);
			path = MeditationDemPochk;
			sourceTree = "<group>";
		};
		3FA28732281A723A00BDAA0A /* Fonts */ = {
			isa = PBXGroup;
			children = (
				3FA28752281A742500BDAA0A /* Alegreya-Black.ttf */,
				3FA2874F281A742500BDAA0A /* Alegreya-BlackItalic.ttf */,
				3FA28755281A742500BDAA0A /* Alegreya-Bold.ttf */,
				3FA28753281A742500BDAA0A /* Alegreya-BoldItalic.ttf */,
				3FA28750281A742500BDAA0A /* Alegreya-ExtraBold.ttf */,
				3FA2874C281A742500BDAA0A /* Alegreya-ExtraBoldItalic.ttf */,
				3FA28754281A742500BDAA0A /* Alegreya-Italic.ttf */,
				3FA2874D281A742500BDAA0A /* Alegreya-Medium.ttf */,
				3FA28751281A742500BDAA0A /* Alegreya-MediumItalic.ttf */,
				3FA2874B281A742500BDAA0A /* Alegreya-Regular.ttf */,
				3FA2874E281A742500BDAA0A /* OFL.txt */,
			);
			path = Fonts;
			sourceTree = "<group>";
		};
/* End PBXGroup section */

/* Begin PBXNativeTarget section */
		3FA28712281A6AC900BDAA0A /* MeditationDemPochk */ = {
			isa = PBXNativeTarget;
			buildConfigurationList = 3FA28727281A6ACA00BDAA0A /* Build configuration list for PBXNativeTarget "MeditationDemPochk" */;
			buildPhases = (
				3FA2870F281A6AC900BDAA0A /* Sources */,
				3FA28710281A6AC900BDAA0A /* Frameworks */,
				3FA28711281A6AC900BDAA0A /* Resources */,
			);
			buildRules = (
			);
			dependencies = (
			);
			name = MeditationDemPochk;
			packageProductDependencies = (
				3FA2872D281A716700BDAA0A /* Alamofire */,
				3FA28730281A718200BDAA0A /* SwiftyJSON */,
			);
			productName = MeditationDemPochk;
			productReference = 3FA28713281A6AC900BDAA0A /* MeditationDemPochk.app */;
			productType = "com.apple.product-type.application";
		};
/* End PBXNativeTarget section */

/* Begin PBXProject section */
		3FA2870B281A6AC900BDAA0A /* Project object */ = {
			isa = PBXProject;
			attributes = {
				BuildIndependentTargetsInParallel = 1;
				LastSwiftUpdateCheck = 1310;
				LastUpgradeCheck = 1310;
				TargetAttributes = {
					3FA28712281A6AC900BDAA0A = {
						CreatedOnToolsVersion = 13.1;
					};
				};
			};
			buildConfigurationList = 3FA2870E281A6AC900BDAA0A /* Build configuration list for PBXProject "MeditationDemPochk" */;
			compatibilityVersion = "Xcode 13.0";
			developmentRegion = en;
			hasScannedForEncodings = 0;
			knownRegions = (
				en,
				Base,
			);
			mainGroup = 3FA2870A281A6AC900BDAA0A;
			packageReferences = (
				3FA2872C281A716700BDAA0A /* XCRemoteSwiftPackageReference "alamofire" */,
				3FA2872F281A718200BDAA0A /* XCRemoteSwiftPackageReference "SwiftyJSON" */,
			);
			productRefGroup = 3FA28714281A6AC900BDAA0A /* Products */;
			projectDirPath = "";
			projectRoot = "";
			targets = (
				3FA28712281A6AC900BDAA0A /* MeditationDemPochk */,
			);
		};
/* End PBXProject section */

/* Begin PBXResourcesBuildPhase section */
		3FA28711281A6AC900BDAA0A /* Resources */ = {
			isa = PBXResourcesBuildPhase;
			buildActionMask = 2147483647;
			files = (
				3FA2875F281A742500BDAA0A /* Alegreya-Italic.ttf in Resources */,
				3FA28759281A742500BDAA0A /* OFL.txt in Resources */,
				3FA2875E281A742500BDAA0A /* Alegreya-BoldItalic.ttf in Resources */,
				3FA2875D281A742500BDAA0A /* Alegreya-Black.ttf in Resources */,
				3FA2875C281A742500BDAA0A /* Alegreya-MediumItalic.ttf in Resources */,
				3FA28723281A6ACA00BDAA0A /* LaunchScreen.storyboard in Resources */,
				3FA28756281A742500BDAA0A /* Alegreya-Regular.ttf in Resources */,
				3FA28720281A6ACA00BDAA0A /* Assets.xcassets in Resources */,
				3FA28758281A742500BDAA0A /* Alegreya-Medium.ttf in Resources */,
				3FA28757281A742500BDAA0A /* Alegreya-ExtraBoldItalic.ttf in Resources */,
				3FA2875B281A742500BDAA0A /* Alegreya-ExtraBold.ttf in Resources */,
				3FA2875A281A742500BDAA0A /* Alegreya-BlackItalic.ttf in Resources */,
				3FA2871E281A6AC900BDAA0A /* Main.storyboard in Resources */,
				3FA28760281A742500BDAA0A /* Alegreya-Bold.ttf in Resources */,
			);
			runOnlyForDeploymentPostprocessing = 0;
		};
/* End PBXResourcesBuildPhase section */

/* Begin PBXSourcesBuildPhase section */
		3FA2870F281A6AC900BDAA0A /* Sources */ = {
			isa = PBXSourcesBuildPhase;
			buildActionMask = 2147483647;
			files = (
				3FA2871B281A6AC900BDAA0A /* ViewControllerSignIn.swift in Sources */,
				3FA28717281A6AC900BDAA0A /* AppDelegate.swift in Sources */,
				3FA28719281A6AC900BDAA0A /* SceneDelegate.swift in Sources */,
			);
			runOnlyForDeploymentPostprocessing = 0;
		};
/* End PBXSourcesBuildPhase section */

/* Begin PBXVariantGroup section */
		3FA2871C281A6AC900BDAA0A /* Main.storyboard */ = {
			isa = PBXVariantGroup;
			children = (
				3FA2871D281A6AC900BDAA0A /* Base */,
			);
			name = Main.storyboard;
			sourceTree = "<group>";
		};
		3FA28721281A6ACA00BDAA0A /* LaunchScreen.storyboard */ = {
			isa = PBXVariantGroup;
			children = (
				3FA28722281A6ACA00BDAA0A /* Base */,
			);
			name = LaunchScreen.storyboard;
			sourceTree = "<group>";
		};
/* End PBXVariantGroup section */

/* Begin XCBuildConfiguration section */
		3FA28725281A6ACA00BDAA0A /* Debug */ = {
			isa = XCBuildConfiguration;
			buildSettings = {
				ALWAYS_SEARCH_USER_PATHS = NO;
				CLANG_ANALYZER_NONNULL = YES;
				CLANG_ANALYZER_NUMBER_OBJECT_CONVERSION = YES_AGGRESSIVE;
				CLANG_CXX_LANGUAGE_STANDARD = "gnu++17";
				CLANG_CXX_LIBRARY = "libc++";
				CLANG_ENABLE_MODULES = YES;
				CLANG_ENABLE_OBJC_ARC = YES;
				CLANG_ENABLE_OBJC_WEAK = YES;
				CLANG_WARN_BLOCK_CAPTURE_AUTORELEASING = YES;
				CLANG_WARN_BOOL_CONVERSION = YES;
				CLANG_WARN_COMMA = YES;
				CLANG_WARN_CONSTANT_CONVERSION = YES;
				CLANG_WARN_DEPRECATED_OBJC_IMPLEMENTATIONS = YES;
				CLANG_WARN_DIRECT_OBJC_ISA_USAGE = YES_ERROR;
				CLANG_WARN_DOCUMENTATION_COMMENTS = YES;
				CLANG_WARN_EMPTY_BODY = YES;
				CLANG_WARN_ENUM_CONVERSION = YES;
				CLANG_WARN_INFINITE_RECURSION = YES;
				CLANG_WARN_INT_CONVERSION = YES;
				CLANG_WARN_NON_LITERAL_NULL_CONVERSION = YES;
				CLANG_WARN_OBJC_IMPLICIT_RETAIN_SELF = YES;
				CLANG_WARN_OBJC_LITERAL_CONVERSION = YES;
				CLANG_WARN_OBJC_ROOT_CLASS = YES_ERROR;
				CLANG_WARN_QUOTED_INCLUDE_IN_FRAMEWORK_HEADER = YES;
				CLANG_WARN_RANGE_LOOP_ANALYSIS = YES;
				CLANG_WARN_STRICT_PROTOTYPES = YES;
				CLANG_WARN_SUSPICIOUS_MOVE = YES;
				CLANG_WARN_UNGUARDED_AVAILABILITY = YES_AGGRESSIVE;
				CLANG_WARN_UNREACHABLE_CODE = YES;
				CLANG_WARN__DUPLICATE_METHOD_MATCH = YES;
				COPY_PHASE_STRIP = NO;
				DEBUG_INFORMATION_FORMAT = dwarf;
				ENABLE_STRICT_OBJC_MSGSEND = YES;
				ENABLE_TESTABILITY = YES;
				GCC_C_LANGUAGE_STANDARD = gnu11;
				GCC_DYNAMIC_NO_PIC = NO;
				GCC_NO_COMMON_BLOCKS = YES;
				GCC_OPTIMIZATION_LEVEL = 0;
				GCC_PREPROCESSOR_DEFINITIONS = (
					"DEBUG=1",
					"$(inherited)",
				);
				GCC_WARN_64_TO_32_BIT_CONVERSION = YES;
				GCC_WARN_ABOUT_RETURN_TYPE = YES_ERROR;
				GCC_WARN_UNDECLARED_SELECTOR = YES;
				GCC_WARN_UNINITIALIZED_AUTOS = YES_AGGRESSIVE;
				GCC_WARN_UNUSED_FUNCTION = YES;
				GCC_WARN_UNUSED_VARIABLE = YES;
				IPHONEOS_DEPLOYMENT_TARGET = 15.0;
				MTL_ENABLE_DEBUG_INFO = INCLUDE_SOURCE;
				MTL_FAST_MATH = YES;
				ONLY_ACTIVE_ARCH = YES;
				SDKROOT = iphoneos;
				SWIFT_ACTIVE_COMPILATION_CONDITIONS = DEBUG;
				SWIFT_OPTIMIZATION_LEVEL = "-Onone";
			};
			name = Debug;
		};
		3FA28726281A6ACA00BDAA0A /* Release */ = {
			isa = XCBuildConfiguration;
			buildSettings = {
				ALWAYS_SEARCH_USER_PATHS = NO;
				CLANG_ANALYZER_NONNULL = YES;
				CLANG_ANALYZER_NUMBER_OBJECT_CONVERSION = YES_AGGRESSIVE;
				CLANG_CXX_LANGUAGE_STANDARD = "gnu++17";
				CLANG_CXX_LIBRARY = "libc++";
				CLANG_ENABLE_MODULES = YES;
				CLANG_ENABLE_OBJC_ARC = YES;
				CLANG_ENABLE_OBJC_WEAK = YES;
				CLANG_WARN_BLOCK_CAPTURE_AUTORELEASING = YES;
				CLANG_WARN_BOOL_CONVERSION = YES;
				CLANG_WARN_COMMA = YES;
				CLANG_WARN_CONSTANT_CONVERSION = YES;
				CLANG_WARN_DEPRECATED_OBJC_IMPLEMENTATIONS = YES;
				CLANG_WARN_DIRECT_OBJC_ISA_USAGE = YES_ERROR;
				CLANG_WARN_DOCUMENTATION_COMMENTS = YES;
				CLANG_WARN_EMPTY_BODY = YES;
				CLANG_WARN_ENUM_CONVERSION = YES;
				CLANG_WARN_INFINITE_RECURSION = YES;
				CLANG_WARN_INT_CONVERSION = YES;
				CLANG_WARN_NON_LITERAL_NULL_CONVERSION = YES;
				CLANG_WARN_OBJC_IMPLICIT_RETAIN_SELF = YES;
				CLANG_WARN_OBJC_LITERAL_CONVERSION = YES;
				CLANG_WARN_OBJC_ROOT_CLASS = YES_ERROR;
				CLANG_WARN_QUOTED_INCLUDE_IN_FRAMEWORK_HEADER = YES;
				CLANG_WARN_RANGE_LOOP_ANALYSIS = YES;
				CLANG_WARN_STRICT_PROTOTYPES = YES;
				CLANG_WARN_SUSPICIOUS_MOVE = YES;
				CLANG_WARN_UNGUARDED_AVAILABILITY = YES_AGGRESSIVE;
				CLANG_WARN_UNREACHABLE_CODE = YES;
				CLANG_WARN__DUPLICATE_METHOD_MATCH = YES;
				COPY_PHASE_STRIP = NO;
				DEBUG_INFORMATION_FORMAT = "dwarf-with-dsym";
				ENABLE_NS_ASSERTIONS = NO;
				ENABLE_STRICT_OBJC_MSGSEND = YES;
				GCC_C_LANGUAGE_STANDARD = gnu11;
				GCC_NO_COMMON_BLOCKS = YES;
				GCC_WARN_64_TO_32_BIT_CONVERSION = YES;
				GCC_WARN_ABOUT_RETURN_TYPE = YES_ERROR;
				GCC_WARN_UNDECLARED_SELECTOR = YES;
				GCC_WARN_UNINITIALIZED_AUTOS = YES_AGGRESSIVE;
				GCC_WARN_UNUSED_FUNCTION = YES;
				GCC_WARN_UNUSED_VARIABLE = YES;
				IPHONEOS_DEPLOYMENT_TARGET = 15.0;
				MTL_ENABLE_DEBUG_INFO = NO;
				MTL_FAST_MATH = YES;
				SDKROOT = iphoneos;
				SWIFT_COMPILATION_MODE = wholemodule;
				SWIFT_OPTIMIZATION_LEVEL = "-O";
				VALIDATE_PRODUCT = YES;
			};
			name = Release;
		};
		3FA28728281A6ACA00BDAA0A /* Debug */ = {
			isa = XCBuildConfiguration;
			buildSettings = {
				ASSETCATALOG_COMPILER_APPICON_NAME = AppIcon;
				ASSETCATALOG_COMPILER_GLOBAL_ACCENT_COLOR_NAME = AccentColor;
				CODE_SIGN_STYLE = Automatic;
				CURRENT_PROJECT_VERSION = 1;
				DEVELOPMENT_TEAM = "";
				GENERATE_INFOPLIST_FILE = YES;
				INFOPLIST_FILE = MeditationDemPochk/Info.plist;
				INFOPLIST_KEY_UIApplicationSupportsIndirectInputEvents = YES;
				INFOPLIST_KEY_UILaunchStoryboardName = LaunchScreen;
				INFOPLIST_KEY_UIMainStoryboardFile = Main;
				INFOPLIST_KEY_UISupportedInterfaceOrientations_iPad = "UIInterfaceOrientationPortrait UIInterfaceOrientationPortraitUpsideDown UIInterfaceOrientationLandscapeLeft UIInterfaceOrientationLandscapeRight";
				INFOPLIST_KEY_UISupportedInterfaceOrientations_iPhone = "UIInterfaceOrientationPortrait UIInterfaceOrientationLandscapeLeft UIInterfaceOrientationLandscapeRight";
				IPHONEOS_DEPLOYMENT_TARGET = 13.6;
				LD_RUNPATH_SEARCH_PATHS = (
					"$(inherited)",
					"@executable_path/Frameworks",
				);
				MARKETING_VERSION = 1.0;
				PRODUCT_BUNDLE_IDENTIFIER = ru.DemEkzPochk;
				PRODUCT_NAME = "$(TARGET_NAME)";
				SWIFT_EMIT_LOC_STRINGS = YES;
				SWIFT_VERSION = 5.0;
				TARGETED_DEVICE_FAMILY = 1;
			};
			name = Debug;
		};
		3FA28729281A6ACA00BDAA0A /* Release */ = {
			isa = XCBuildConfiguration;
			buildSettings = {
				ASSETCATALOG_COMPILER_APPICON_NAME = AppIcon;
				ASSETCATALOG_COMPILER_GLOBAL_ACCENT_COLOR_NAME = AccentColor;
				CODE_SIGN_STYLE = Automatic;
				CURRENT_PROJECT_VERSION = 1;
				DEVELOPMENT_TEAM = "";
				GENERATE_INFOPLIST_FILE = YES;
				INFOPLIST_FILE = MeditationDemPochk/Info.plist;
				INFOPLIST_KEY_UIApplicationSupportsIndirectInputEvents = YES;
				INFOPLIST_KEY_UILaunchStoryboardName = LaunchScreen;
				INFOPLIST_KEY_UIMainStoryboardFile = Main;
				INFOPLIST_KEY_UISupportedInterfaceOrientations_iPad = "UIInterfaceOrientationPortrait UIInterfaceOrientationPortraitUpsideDown UIInterfaceOrientationLandscapeLeft UIInterfaceOrientationLandscapeRight";
				INFOPLIST_KEY_UISupportedInterfaceOrientations_iPhone = "UIInterfaceOrientationPortrait UIInterfaceOrientationLandscapeLeft UIInterfaceOrientationLandscapeRight";
				IPHONEOS_DEPLOYMENT_TARGET = 13.6;
				LD_RUNPATH_SEARCH_PATHS = (
					"$(inherited)",
					"@executable_path/Frameworks",
				);
				MARKETING_VERSION = 1.0;
				PRODUCT_BUNDLE_IDENTIFIER = ru.DemEkzPochk;
				PRODUCT_NAME = "$(TARGET_NAME)";
				SWIFT_EMIT_LOC_STRINGS = YES;
				SWIFT_VERSION = 5.0;
				TARGETED_DEVICE_FAMILY = 1;
			};
			name = Release;
		};
/* End XCBuildConfiguration section */

/* Begin XCConfigurationList section */
		3FA2870E281A6AC900BDAA0A /* Build configuration list for PBXProject "MeditationDemPochk" */ = {
			isa = XCConfigurationList;
			buildConfigurations = (
				3FA28725281A6ACA00BDAA0A /* Debug */,
				3FA28726281A6ACA00BDAA0A /* Release */,
			);
			defaultConfigurationIsVisible = 0;
			defaultConfigurationName = Release;
		};
		3FA28727281A6ACA00BDAA0A /* Build configuration list for PBXNativeTarget "MeditationDemPochk" */ = {
			isa = XCConfigurationList;
			buildConfigurations = (
				3FA28728281A6ACA00BDAA0A /* Debug */,
				3FA28729281A6ACA00BDAA0A /* Release */,
			);
			defaultConfigurationIsVisible = 0;
			defaultConfigurationName = Release;
		};
/* End XCConfigurationList section */

/* Begin XCRemoteSwiftPackageReference section */
		3FA2872C281A716700BDAA0A /* XCRemoteSwiftPackageReference "alamofire" */ = {
			isa = XCRemoteSwiftPackageReference;
			repositoryURL = "http://github.com/alamofire/alamofire";
			requirement = {
				branch = master;
				kind = branch;
			};
		};
		3FA2872F281A718200BDAA0A /* XCRemoteSwiftPackageReference "SwiftyJSON" */ = {
			isa = XCRemoteSwiftPackageReference;
			repositoryURL = "https://github.com/SwiftyJSON/SwiftyJSON";
			requirement = {
				branch = master;
				kind = branch;
			};
		};
/* End XCRemoteSwiftPackageReference section */

/* Begin XCSwiftPackageProductDependency section */
		3FA2872D281A716700BDAA0A /* Alamofire */ = {
			isa = XCSwiftPackageProductDependency;
			package = 3FA2872C281A716700BDAA0A /* XCRemoteSwiftPackageReference "alamofire" */;
			productName = Alamofire;
		};
		3FA28730281A718200BDAA0A /* SwiftyJSON */ = {
			isa = XCSwiftPackageProductDependency;
			package = 3FA2872F281A718200BDAA0A /* XCRemoteSwiftPackageReference "SwiftyJSON" */;
			productName = SwiftyJSON;
		};
/* End XCSwiftPackageProductDependency section */
	};
	rootObject = 3FA2870B281A6AC900BDAA0A /* Project object */;
}
